
Microsoft Visual Studio Solution File, Format Version 12.00
# Visual Studio 15
VisualStudioVersion = 15.0.28307.779
MinimumVisualStudioVersion = 10.0.40219.1
Project("{FAE04EC0-301F-11D3-BF4B-00C04F79EFBC}") = "WorkApp.UI.Wpf", "WorkApp.UI.Wpf\WorkApp.UI.Wpf.csproj", "{137F6952-A8B7-4D34-8D61-812A8F5BFAEB}"
EndProject
Global
	GlobalSection(SolutionConfigurationPlatforms) = preSolution
		Debug|Any CPU = Debug|Any CPU
		Release|Any CPU = Release|Any CPU
	EndGlobalSection
	GlobalSection(ProjectConfigurationPlatforms) = postSolution
		{137F6952-A8B7-4D34-8D61-812A8F5BFAEB}.Debug|Any CPU.ActiveCfg = Debug|Any CPU
		{137F6952-A8B7-4D34-8D61-812A8F5BFAEB}.Debug|Any CPU.Build.0 = Debug|Any CPU
		{137F6952-A8B7-4D34-8D61-812A8F5BFAEB}.Release|Any CPU.ActiveCfg = Release|Any CPU
		{137F6952-A8B7-4D34-8D61-812A8F5BFAEB}.Release|Any CPU.Build.0 = Release|Any CPU
	EndGlobalSection
	GlobalSection(SolutionProperties) = preSolution
		HideSolutionNode = FALSE
	EndGlobalSection
	GlobalSection(ExtensibilityGlobals) = postSolution
		SolutionGuid = {64F950AC-5D3A-4A6F-AD7A-AE10AE4FD3BF}
	EndGlobalSection
EndGlobal
